
Microsoft Visual Studio Solution File, Format Version 12.00
# Visual Studio Version 17
VisualStudioVersion = 17.14.36310.24 d17.14
MinimumVisualStudioVersion = 10.0.40219.1
Project("{FAE04EC0-301F-11D3-BF4B-00C04F79EFBC}") = "17) E-Commerce Coupon Stack Tester", "17) E-Commerce Coupon Stack Tester.csproj", "{4764C03A-9F5D-45C7-8CCC-9975E3801DBB}"
EndProject
Global
	GlobalSection(SolutionConfigurationPlatforms) = preSolution
		Debug|Any CPU = Debug|Any CPU
		Release|Any CPU = Release|Any CPU
	EndGlobalSection
	GlobalSection(ProjectConfigurationPlatforms) = postSolution
		{4764C03A-9F5D-45C7-8CCC-9975E3801DBB}.Debug|Any CPU.ActiveCfg = Debug|Any CPU
		{4764C03A-9F5D-45C7-8CCC-9975E3801DBB}.Debug|Any CPU.Build.0 = Debug|Any CPU
		{4764C03A-9F5D-45C7-8CCC-9975E3801DBB}.Release|Any CPU.ActiveCfg = Release|Any CPU
		{4764C03A-9F5D-45C7-8CCC-9975E3801DBB}.Release|Any CPU.Build.0 = Release|Any CPU
	EndGlobalSection
	GlobalSection(SolutionProperties) = preSolution
		HideSolutionNode = FALSE
	EndGlobalSection
	GlobalSection(ExtensibilityGlobals) = postSolution
		SolutionGuid = {B671C965-DDA3-4910-B893-767494E47312}
	EndGlobalSection
EndGlobal
